Microsoft Visual Studio Solution File, Format Version 11.00
# Visual Studio 2008

Project("{E33D8B3D-E97B-8246-976D-DE33FF4ABD48}") = "StateMachine", "Assembly-CSharp-vs.csproj", "{4909103D-C583-3C4F-F663-C272B0A86E95}"
EndProject
Global
	GlobalSection(SolutionConfigurationPlatforms) = preSolution
		Debug|Any CPU = Debug|Any CPU
		Release|Any CPU = Release|Any CPU
	EndGlobalSection
	GlobalSection(ProjectConfigurationPlatforms) = postSolution
		{4909103D-C583-3C4F-F663-C272B0A86E95}.Debug|Any CPU.ActiveCfg = Debug|Any CPU
		{4909103D-C583-3C4F-F663-C272B0A86E95}.Debug|Any CPU.Build.0 = Debug|Any CPU
		{4909103D-C583-3C4F-F663-C272B0A86E95}.Release|Any CPU.ActiveCfg = Release|Any CPU
		{4909103D-C583-3C4F-F663-C272B0A86E95}.Release|Any CPU.Build.0 = Release|Any CPU
	EndGlobalSection
	GlobalSection(SolutionProperties) = preSolution
		HideSolutionNode = FALSE
	EndGlobalSection
														GlobalSection(MonoDevelopProperties) = preSolution
		StartupItem = Assembly-CSharp.csproj
		Policies = $0
		$0.TextStylePolicy = $1
		$1.inheritsSet = null
		$1.scope = text/x-csharp
		$0.CSharpFormattingPolicy = $2
		$2.inheritsSet = Mono
		$2.inheritsScope = text/x-csharp
		$2.scope = text/x-csharp
		$0.TextStylePolicy = $3
		$3.FileWidth = 120
		$3.TabWidth = 4
		$3.IndentWidth = 4
		$3.EolMarker = Unix
		$3.inheritsSet = Mono
		$3.inheritsScope = text/plain
		$3.scope = text/plain
	EndGlobalSection

EndGlobal
